{
    "_meta": {
        "hash": {
            "sha256": "857493b0d9006c986170424c9854434bdeda9d5aef2032c6072d69faf004a988"
        },
        "pipfile-spec": 6,
        "requires": {
            "python_version": "3.7"
        },
        "sources": [
            {
                "name": "pypi",
                "url": "https://pypi.org/simple",
                "verify_ssl": true
            }
        ]
    },
    "default": {
        "sphinxcontrib-slide": {
            "file": "https://github.com/TYPO3-Documentation/sphinx-contrib-slide/archive/t3v1.0.0.zip"
        }
    },
    "develop": {}
}
